
Microsoft Visual Studio Solution File, Format Version 11.00
# Visual Studio 2010
Project("{FAE04EC0-301F-11D3-BF4B-00C04F79EFBC}") = "ArgumentParser", "ArgumentParser\ArgumentParser.csproj", "{36498AE1-9F36-4D48-9D76-854890469D50}"
EndProject
Project("{2150E333-8FDC-42A3-9474-1A3956D46DE8}") = "Solution Items", "Solution Items", "{70528887-A3F7-4979-A046-4BFA7B89D546}"
	ProjectSection(SolutionItems) = preProject
		ArgumentParser.vsmdi = ArgumentParser.vsmdi
		Local.testsettings = Local.testsettings
		TraceAndTestImpact.testsettings = TraceAndTestImpact.testsettings
	EndProjectSection
EndProject
Project("{FAE04EC0-301F-11D3-BF4B-00C04F79EFBC}") = "ArgumentParser.Tests", "ArgumentParser.Tests\ArgumentParser.Tests.csproj", "{4A3CABD7-3803-447C-B0B2-FB00E4061315}"
EndProject
Global
	GlobalSection(TestCaseManagementSettings) = postSolution
		CategoryFile = ArgumentParser.vsmdi
	EndGlobalSection
	GlobalSection(SolutionConfigurationPlatforms) = preSolution
		Debug|Any CPU = Debug|Any CPU
		Release|Any CPU = Release|Any CPU
	EndGlobalSection
	GlobalSection(ProjectConfigurationPlatforms) = postSolution
		{36498AE1-9F36-4D48-9D76-854890469D50}.Debug|Any CPU.ActiveCfg = Debug|Any CPU
		{36498AE1-9F36-4D48-9D76-854890469D50}.Debug|Any CPU.Build.0 = Debug|Any CPU
		{36498AE1-9F36-4D48-9D76-854890469D50}.Release|Any CPU.ActiveCfg = Release|Any CPU
		{36498AE1-9F36-4D48-9D76-854890469D50}.Release|Any CPU.Build.0 = Release|Any CPU
		{4A3CABD7-3803-447C-B0B2-FB00E4061315}.Debug|Any CPU.ActiveCfg = Debug|Any CPU
		{4A3CABD7-3803-447C-B0B2-FB00E4061315}.Debug|Any CPU.Build.0 = Debug|Any CPU
		{4A3CABD7-3803-447C-B0B2-FB00E4061315}.Release|Any CPU.ActiveCfg = Release|Any CPU
		{4A3CABD7-3803-447C-B0B2-FB00E4061315}.Release|Any CPU.Build.0 = Release|Any CPU
	EndGlobalSection
	GlobalSection(SolutionProperties) = preSolution
		HideSolutionNode = FALSE
	EndGlobalSection
EndGlobal
